# This file is automatically @generated by Cargo.
# It is not intended for manual editing.
version = 3

[[package]]
name = "arrayvec"
version = "0.7.2"
source = "registry+https://github.com/rust-lang/crates.io-index"
checksum = "8da52d66c7071e2e3fa2a1e5c6d088fec47b593032b254f5e980de8ea54454d6"

[[package]]
name = "day5"
version = "0.1.0"
dependencies = [
 "utf8-chars",
]

[[package]]
name = "utf8-chars"
version = "2.0.2"
source = "registry+https://github.com/rust-lang/crates.io-index"
checksum = "6ef0a4014b773d93a0fe487750589dc5c5b7d714457454e7e62f54d131c278af"
dependencies = [
 "arrayvec",
]
